
Microsoft Visual Studio Solution File, Format Version 12.00
# Visual Studio Version 16
VisualStudioVersion = 16.0.28803.452
MinimumVisualStudioVersion = 10.0.40219.1
Project("{FAE04EC0-301F-11D3-BF4B-00C04F79EFBC}") = "MongoDBDemo", "MongoDBDemo\MongoDBDemo.csproj", "{92C5A889-B07B-4670-8FDD-52F63AC8BE3B}"
EndProject
Global
	GlobalSection(SolutionConfigurationPlatforms) = preSolution
		Debug|Any CPU = Debug|Any CPU
		Release|Any CPU = Release|Any CPU
	EndGlobalSection
	GlobalSection(ProjectConfigurationPlatforms) = postSolution
		{92C5A889-B07B-4670-8FDD-52F63AC8BE3B}.Debug|Any CPU.ActiveCfg = Debug|Any CPU
		{92C5A889-B07B-4670-8FDD-52F63AC8BE3B}.Debug|Any CPU.Build.0 = Debug|Any CPU
		{92C5A889-B07B-4670-8FDD-52F63AC8BE3B}.Release|Any CPU.ActiveCfg = Release|Any CPU
		{92C5A889-B07B-4670-8FDD-52F63AC8BE3B}.Release|Any CPU.Build.0 = Release|Any CPU
	EndGlobalSection
	GlobalSection(SolutionProperties) = preSolution
		HideSolutionNode = FALSE
	EndGlobalSection
	GlobalSection(ExtensibilityGlobals) = postSolution
		SolutionGuid = {E9D15E22-7496-4789-A367-240FEF955598}
	EndGlobalSection
EndGlobal
